
Microsoft Visual Studio Solution File, Format Version 12.00
# Visual Studio Version 17
VisualStudioVersion = 17.0.32126.317
MinimumVisualStudioVersion = 10.0.40219.1
Project("{9A19103F-16F7-4668-BE54-9A1E7A4F7556}") = "FoodCalculator.FoodApi.WebApiApplication", "FoodCalculator.FoodApi\FoodCalculator.FoodApi.WebApiApplication.csproj", "{32DAFD6C-C21D-4AED-BE05-90AB76D6FEC4}"
EndProject
Global
	GlobalSection(SolutionConfigurationPlatforms) = preSolution
		Debug|Any CPU = Debug|Any CPU
		Release|Any CPU = Release|Any CPU
	EndGlobalSection
	GlobalSection(ProjectConfigurationPlatforms) = postSolution
		{32DAFD6C-C21D-4AED-BE05-90AB76D6FEC4}.Debug|Any CPU.ActiveCfg = Debug|Any CPU
		{32DAFD6C-C21D-4AED-BE05-90AB76D6FEC4}.Debug|Any CPU.Build.0 = Debug|Any CPU
		{32DAFD6C-C21D-4AED-BE05-90AB76D6FEC4}.Release|Any CPU.ActiveCfg = Release|Any CPU
		{32DAFD6C-C21D-4AED-BE05-90AB76D6FEC4}.Release|Any CPU.Build.0 = Release|Any CPU
	EndGlobalSection
	GlobalSection(SolutionProperties) = preSolution
		HideSolutionNode = FALSE
	EndGlobalSection
	GlobalSection(ExtensibilityGlobals) = postSolution
		SolutionGuid = {C625D9C7-3447-4CC0-B053-48E8B6B9CDE8}
	EndGlobalSection
EndGlobal
